__metadata:
  version: 8
  cacheKey: 10c0

"axios@npm:0.21.1":
  version: 0.21.1
  resolution: "axios@npm:0.21.1"
  dependencies:
    follow-redirects: ^1.10.0
  checksum: 10c0/a1b2c3d4e5f6a1b2c3d4e5f6a1b2c3d4e5f6a1b2c3d4e5f6a1b2c3d4e5f6a1b2
  languageName: node
  linkType: hard

"follow-redirects@npm:^1.10.0":
  version: 1.14.0
  resolution: "follow-redirects@npm:1.14.0"
  checksum: 10c0/b2c3d4e5f6a1b2c3d4e5f6a1b2c3d4e5f6a1b2c3d4e5f6a1b2c3d4e5f6a1b2c3
  languageName: node
  linkType: hard

"lodash@npm:4.17.20":
  version: 4.17.20
  resolution: "lodash@npm:4.17.20"
  checksum: 10c0/c3d4e5f6a1b2c3d4e5f6a1b2c3d4e5f6a1b2c3d4e5f6a1b2c3d4e5f6a1b2c3d4
  languageName: node
  linkType: hard
