{
  "name": "cve-lite-example-mal-private-registry",
  "version": "1.0.0",
  "lockfileVersion": 3,
  "requires": true,
  "packages": {
    "": {
      "name": "cve-lite-example-mal-private-registry",
      "version": "1.0.0",
      "dependencies": {
        "node-ipc": "9.2.3"
      }
    },
    "node_modules/node-ipc": {
      "version": "9.2.3",
      "resolved": "https://npm.internal.example.com/node-ipc/-/node-ipc-9.2.3.tgz",
      "integrity": "sha512-placeholder"
    }
  }
}
