{
  "name": "cve-lite-example-multiple-versions-same-pkg",
  "version": "1.0.0",
  "lockfileVersion": 3,
  "requires": true,
  "packages": {
    "": {
      "name": "cve-lite-example-multiple-versions-same-pkg",
      "version": "1.0.0",
      "license": "MIT",
      "dependencies": {
        "karma": "1.7.1",
        "lodash": "4.17.20"
      }
    },
    "node_modules/karma": {
      "version": "1.7.1",
      "resolved": "https://registry.npmjs.org/karma/-/karma-1.7.1.tgz",
      "integrity": "sha512-0TylHLtdl5f1QXi1LQn9f9v9wfqQv5JEoig6/IHDmysp8Z3fSQ8WLskChqdtoMa06XWKLFq2QAzs/Qn4m1XJmw==",
      "license": "MIT",
      "dependencies": {
        "lodash": "^3.8.0"
      }
    },
    "node_modules/karma/node_modules/lodash": {
      "version": "3.10.1",
      "resolved": "https://registry.npmjs.org/lodash/-/lodash-3.10.1.tgz",
      "integrity": "sha512-u2/S9Y9fKF3bTlG2ba7tk9poHw2fmsfa4sQi2ghvHffftq/UcD0YQ8oUoGyz9/ZMEPX7AWHf45kFA7S+8EIYow==",
      "license": "MIT"
    },
    "node_modules/lodash": {
      "version": "4.17.20",
      "resolved": "https://registry.npmjs.org/lodash/-/lodash-4.17.20.tgz",
      "integrity": "sha512-PlhdFcIlOINaEH7UKfZ0b8VmgphaGm+lh+4pd0s2/KCrJBD6NBkk+KNNMygi0ZWNLOd3gppdUa+dPdY0sHhUseGw==",
      "license": "MIT"
    }
  }
}
