{
  "name": "cve-lite-example-git-source-mal",
  "version": "1.0.0",
  "lockfileVersion": 3,
  "requires": true,
  "packages": {
    "": {
      "name": "cve-lite-example-git-source-mal",
      "version": "1.0.0",
      "license": "ISC",
      "dependencies": {
        "node-ipc": "9.2.3"
      }
    },
    "node_modules/node-ipc": {
      "version": "9.2.3",
      "resolved": "https://codeload.github.com/RIAEvangelist/node-ipc/tar.gz/9af9b3c49515b85598cd88de3e8cc20c7a98efbb",
      "integrity": "sha512-placeholder=="
    }
  }
}
