# yarn lockfile v1


axios@0.21.1:
  version "0.21.1"
  resolved "https://registry.yarnpkg.com/axios/-/axios-0.21.1.tgz#22563481d4f90b0d0925e4f9b73f9bbe4f54d5e9"
  integrity sha512-dKQiRHxGD9PPRIUNIWvZhPTPpl1rf/OxTYKsqKUDjBwYylTvV7SjSHJb9ratfyzM6wCdLCOYLzs73qpg5c4iGA==
  dependencies:
    follow-redirects "^1.10.0"

follow-redirects@^1.10.0:
  version "1.14.0"
  resolved "https://registry.yarnpkg.com/follow-redirects/-/follow-redirects-1.14.0.tgz#7fc232c95e1b5a8c382e4d9e7a2bc7a58d0a2e9f"
  integrity sha512-0vRwd7RKQBTElFZAl2OBmTBNVMnIGl1R5tPPFOsAvFeoqBiVBuFkP9Gl5gKP0t0EM0c0yjVnS2HdBEj6SKplkw==

minimist@1.2.5:
  version "1.2.5"
  resolved "https://registry.yarnpkg.com/minimist/-/minimist-1.2.5.tgz#67d66014b66a6a8aaa0c083c5fd58df4e4e97602"
  integrity sha512-FM9nNUYrRBAELZQT3xeZQ7fmMOBg6nWNmJKTcgsJeaLstP/UODVpGsr5OhXhhXg6f+qtJ8uiZ+PUxkDWcgIXLw==
